
Microsoft Visual Studio Solution File, Format Version 12.00
# Visual Studio Version 17
VisualStudioVersion = 17.3.32804.467
MinimumVisualStudioVersion = 10.0.40219.1
Project("{9A19103F-16F7-4668-BE54-9A1E7A4F7556}") = "Polokus.Core", "Polokus.Core\Polokus.Core.csproj", "{4408CD44-D504-43DA-8E66-B812A56C2D9C}"
EndProject
Project("{9A19103F-16F7-4668-BE54-9A1E7A4F7556}") = "Polokus.App", "Polokus.App\Polokus.App.csproj", "{36956053-A985-418C-95D1-01A66FC2B430}"
EndProject
Project("{9A19103F-16F7-4668-BE54-9A1E7A4F7556}") = "Polokus.Tests", "Polokus.Tests\Polokus.Tests.csproj", "{FC963575-543B-4ACD-AB05-6C0E4D4BCA71}"
EndProject
Project("{9A19103F-16F7-4668-BE54-9A1E7A4F7556}") = "Polokus.ExternalsExample", "Polokus.ExternalsExample\Polokus.ExternalsExample.csproj", "{8BFB4AB5-C8DA-4994-A5E1-C063F8693C38}"
EndProject
Project("{9A19103F-16F7-4668-BE54-9A1E7A4F7556}") = "Polokus.Service", "Polokus.Service\Polokus.Service.csproj", "{4A9805C2-5624-44ED-9EB2-5836AD62E260}"
EndProject
Project("{FAE04EC0-301F-11D3-BF4B-00C04F79EFBC}") = "Polokus.Core.Interfaces", "Polokus.Core.Interfaces\Polokus.Core.Interfaces.csproj", "{0FD6A1DE-D422-46B8-8566-A75BE69E27B0}"
EndProject
Global
	GlobalSection(SolutionConfigurationPlatforms) = preSolution
		Debug|Any CPU = Debug|Any CPU
		Debug|x64 = Debug|x64
		Release|Any CPU = Release|Any CPU
		Release|x64 = Release|x64
	EndGlobalSection
	GlobalSection(ProjectConfigurationPlatforms) = postSolution
		{4408CD44-D504-43DA-8E66-B812A56C2D9C}.Debug|Any CPU.ActiveCfg = Debug|x64
		{4408CD44-D504-43DA-8E66-B812A56C2D9C}.Debug|Any CPU.Build.0 = Debug|x64
		{4408CD44-D504-43DA-8E66-B812A56C2D9C}.Debug|x64.ActiveCfg = Debug|x64
		{4408CD44-D504-43DA-8E66-B812A56C2D9C}.Debug|x64.Build.0 = Debug|x64
		{4408CD44-D504-43DA-8E66-B812A56C2D9C}.Release|Any CPU.ActiveCfg = Release|x64
		{4408CD44-D504-43DA-8E66-B812A56C2D9C}.Release|Any CPU.Build.0 = Release|x64
		{4408CD44-D504-43DA-8E66-B812A56C2D9C}.Release|x64.ActiveCfg = Release|x64
		{4408CD44-D504-43DA-8E66-B812A56C2D9C}.Release|x64.Build.0 = Release|x64
		{36956053-A985-418C-95D1-01A66FC2B430}.Debug|Any CPU.ActiveCfg = Debug|x64
		{36956053-A985-418C-95D1-01A66FC2B430}.Debug|Any CPU.Build.0 = Debug|x64
		{36956053-A985-418C-95D1-01A66FC2B430}.Debug|x64.ActiveCfg = Debug|x64
		{36956053-A985-418C-95D1-01A66FC2B430}.Debug|x64.Build.0 = Debug|x64
		{36956053-A985-418C-95D1-01A66FC2B430}.Release|Any CPU.ActiveCfg = Release|x64
		{36956053-A985-418C-95D1-01A66FC2B430}.Release|Any CPU.Build.0 = Release|x64
		{36956053-A985-418C-95D1-01A66FC2B430}.Release|x64.ActiveCfg = Release|x64
		{36956053-A985-418C-95D1-01A66FC2B430}.Release|x64.Build.0 = Release|x64
		{FC963575-543B-4ACD-AB05-6C0E4D4BCA71}.Debug|Any CPU.ActiveCfg = Debug|Any CPU
		{FC963575-543B-4ACD-AB05-6C0E4D4BCA71}.Debug|Any CPU.Build.0 = Debug|Any CPU
		{FC963575-543B-4ACD-AB05-6C0E4D4BCA71}.Debug|x64.ActiveCfg = Debug|Any CPU
		{FC963575-543B-4ACD-AB05-6C0E4D4BCA71}.Debug|x64.Build.0 = Debug|Any CPU
		{FC963575-543B-4ACD-AB05-6C0E4D4BCA71}.Release|Any CPU.ActiveCfg = Release|Any CPU
		{FC963575-543B-4ACD-AB05-6C0E4D4BCA71}.Release|Any CPU.Build.0 = Release|Any CPU
		{FC963575-543B-4ACD-AB05-6C0E4D4BCA71}.Release|x64.ActiveCfg = Release|Any CPU
		{FC963575-543B-4ACD-AB05-6C0E4D4BCA71}.Release|x64.Build.0 = Release|Any CPU
		{8BFB4AB5-C8DA-4994-A5E1-C063F8693C38}.Debug|Any CPU.ActiveCfg = Debug|Any CPU
		{8BFB4AB5-C8DA-4994-A5E1-C063F8693C38}.Debug|Any CPU.Build.0 = Debug|Any CPU
		{8BFB4AB5-C8DA-4994-A5E1-C063F8693C38}.Debug|x64.ActiveCfg = Debug|Any CPU
		{8BFB4AB5-C8DA-4994-A5E1-C063F8693C38}.Debug|x64.Build.0 = Debug|Any CPU
		{8BFB4AB5-C8DA-4994-A5E1-C063F8693C38}.Release|Any CPU.ActiveCfg = Release|Any CPU
		{8BFB4AB5-C8DA-4994-A5E1-C063F8693C38}.Release|Any CPU.Build.0 = Release|Any CPU
		{8BFB4AB5-C8DA-4994-A5E1-C063F8693C38}.Release|x64.ActiveCfg = Release|Any CPU
		{8BFB4AB5-C8DA-4994-A5E1-C063F8693C38}.Release|x64.Build.0 = Release|Any CPU
		{4A9805C2-5624-44ED-9EB2-5836AD62E260}.Debug|Any CPU.ActiveCfg = Debug|Any CPU
		{4A9805C2-5624-44ED-9EB2-5836AD62E260}.Debug|Any CPU.Build.0 = Debug|Any CPU
		{4A9805C2-5624-44ED-9EB2-5836AD62E260}.Debug|x64.ActiveCfg = Debug|Any CPU
		{4A9805C2-5624-44ED-9EB2-5836AD62E260}.Debug|x64.Build.0 = Debug|Any CPU
		{4A9805C2-5624-44ED-9EB2-5836AD62E260}.Release|Any CPU.ActiveCfg = Release|Any CPU
		{4A9805C2-5624-44ED-9EB2-5836AD62E260}.Release|Any CPU.Build.0 = Release|Any CPU
		{4A9805C2-5624-44ED-9EB2-5836AD62E260}.Release|x64.ActiveCfg = Release|Any CPU
		{4A9805C2-5624-44ED-9EB2-5836AD62E260}.Release|x64.Build.0 = Release|Any CPU
		{0FD6A1DE-D422-46B8-8566-A75BE69E27B0}.Debug|Any CPU.ActiveCfg = Debug|Any CPU
		{0FD6A1DE-D422-46B8-8566-A75BE69E27B0}.Debug|Any CPU.Build.0 = Debug|Any CPU
		{0FD6A1DE-D422-46B8-8566-A75BE69E27B0}.Debug|x64.ActiveCfg = Debug|Any CPU
		{0FD6A1DE-D422-46B8-8566-A75BE69E27B0}.Debug|x64.Build.0 = Debug|Any CPU
		{0FD6A1DE-D422-46B8-8566-A75BE69E27B0}.Release|Any CPU.ActiveCfg = Release|Any CPU
		{0FD6A1DE-D422-46B8-8566-A75BE69E27B0}.Release|Any CPU.Build.0 = Release|Any CPU
		{0FD6A1DE-D422-46B8-8566-A75BE69E27B0}.Release|x64.ActiveCfg = Release|Any CPU
		{0FD6A1DE-D422-46B8-8566-A75BE69E27B0}.Release|x64.Build.0 = Release|Any CPU
	EndGlobalSection
	GlobalSection(SolutionProperties) = preSolution
		HideSolutionNode = FALSE
	EndGlobalSection
	GlobalSection(ExtensibilityGlobals) = postSolution
		SolutionGuid = {693E7BFA-CAE9-481E-B85D-ECBF049AA99E}
	EndGlobalSection
EndGlobal
